
Microsoft Visual Studio Solution File, Format Version 12.00
# Visual Studio Version 16
VisualStudioVersion = 16.0.31205.134
MinimumVisualStudioVersion = 10.0.40219.1
Project("{9A19103F-16F7-4668-BE54-9A1E7A4F7556}") = "SuperTraders", "SuperTraders\SuperTraders.csproj", "{98B3E7CF-58D5-4FEE-8FFD-C7E93AB3D607}"
EndProject
Project("{9A19103F-16F7-4668-BE54-9A1E7A4F7556}") = "SuperTraders.Core", "SuperTraders.Core\SuperTraders.Core.csproj", "{5157B72B-BA6B-4D19-A786-E46A6B987016}"
EndProject
Project("{9A19103F-16F7-4668-BE54-9A1E7A4F7556}") = "SuperTraders.Model", "SuperTraders.Model\SuperTraders.Model.csproj", "{0AE58DDB-230A-43CB-8919-937C201DC8B8}"
EndProject
Project("{9A19103F-16F7-4668-BE54-9A1E7A4F7556}") = "SuperTraders.BLL", "SuperTraders.BLL\SuperTraders.BLL.csproj", "{27A51369-33CE-43C1-B61D-60DD340724D3}"
EndProject
Project("{9A19103F-16F7-4668-BE54-9A1E7A4F7556}") = "SuperTraders.MapConfig", "SuperTraders.MapConfig\SuperTraders.MapConfig.csproj", "{52B8B625-787D-4CB1-B798-D32408EE7664}"
EndProject
Project("{9A19103F-16F7-4668-BE54-9A1E7A4F7556}") = "SuperTraders.Shared", "SuperTraders.Shared\SuperTraders.Shared.csproj", "{24DFABF8-C69D-4F9D-A146-D7727A756DCC}"
EndProject
Global
	GlobalSection(SolutionConfigurationPlatforms) = preSolution
		Debug|Any CPU = Debug|Any CPU
		Release|Any CPU = Release|Any CPU
	EndGlobalSection
	GlobalSection(ProjectConfigurationPlatforms) = postSolution
		{98B3E7CF-58D5-4FEE-8FFD-C7E93AB3D607}.Debug|Any CPU.ActiveCfg = Debug|Any CPU
		{98B3E7CF-58D5-4FEE-8FFD-C7E93AB3D607}.Debug|Any CPU.Build.0 = Debug|Any CPU
		{98B3E7CF-58D5-4FEE-8FFD-C7E93AB3D607}.Release|Any CPU.ActiveCfg = Release|Any CPU
		{98B3E7CF-58D5-4FEE-8FFD-C7E93AB3D607}.Release|Any CPU.Build.0 = Release|Any CPU
		{5157B72B-BA6B-4D19-A786-E46A6B987016}.Debug|Any CPU.ActiveCfg = Debug|Any CPU
		{5157B72B-BA6B-4D19-A786-E46A6B987016}.Debug|Any CPU.Build.0 = Debug|Any CPU
		{5157B72B-BA6B-4D19-A786-E46A6B987016}.Release|Any CPU.ActiveCfg = Release|Any CPU
		{5157B72B-BA6B-4D19-A786-E46A6B987016}.Release|Any CPU.Build.0 = Release|Any CPU
		{0AE58DDB-230A-43CB-8919-937C201DC8B8}.Debug|Any CPU.ActiveCfg = Debug|Any CPU
		{0AE58DDB-230A-43CB-8919-937C201DC8B8}.Debug|Any CPU.Build.0 = Debug|Any CPU
		{0AE58DDB-230A-43CB-8919-937C201DC8B8}.Release|Any CPU.ActiveCfg = Release|Any CPU
		{0AE58DDB-230A-43CB-8919-937C201DC8B8}.Release|Any CPU.Build.0 = Release|Any CPU
		{27A51369-33CE-43C1-B61D-60DD340724D3}.Debug|Any CPU.ActiveCfg = Debug|Any CPU
		{27A51369-33CE-43C1-B61D-60DD340724D3}.Debug|Any CPU.Build.0 = Debug|Any CPU
		{27A51369-33CE-43C1-B61D-60DD340724D3}.Release|Any CPU.ActiveCfg = Release|Any CPU
		{27A51369-33CE-43C1-B61D-60DD340724D3}.Release|Any CPU.Build.0 = Release|Any CPU
		{52B8B625-787D-4CB1-B798-D32408EE7664}.Debug|Any CPU.ActiveCfg = Debug|Any CPU
		{52B8B625-787D-4CB1-B798-D32408EE7664}.Debug|Any CPU.Build.0 = Debug|Any CPU
		{52B8B625-787D-4CB1-B798-D32408EE7664}.Release|Any CPU.ActiveCfg = Release|Any CPU
		{52B8B625-787D-4CB1-B798-D32408EE7664}.Release|Any CPU.Build.0 = Release|Any CPU
		{24DFABF8-C69D-4F9D-A146-D7727A756DCC}.Debug|Any CPU.ActiveCfg = Debug|Any CPU
		{24DFABF8-C69D-4F9D-A146-D7727A756DCC}.Debug|Any CPU.Build.0 = Debug|Any CPU
		{24DFABF8-C69D-4F9D-A146-D7727A756DCC}.Release|Any CPU.ActiveCfg = Release|Any CPU
		{24DFABF8-C69D-4F9D-A146-D7727A756DCC}.Release|Any CPU.Build.0 = Release|Any CPU
	EndGlobalSection
	GlobalSection(SolutionProperties) = preSolution
		HideSolutionNode = FALSE
	EndGlobalSection
	GlobalSection(ExtensibilityGlobals) = postSolution
		SolutionGuid = {B88D6740-CBA1-4FF9-98E0-A2737684E09C}
	EndGlobalSection
EndGlobal
